
Microsoft Visual Studio Solution File, Format Version 12.00
# Visual Studio 15
VisualStudioVersion = 15.0.28010.2041
MinimumVisualStudioVersion = 10.0.40219.1
Project("{8BC9CEB8-8B4A-11D0-8D11-00A0C91BC942}") = "sumOfPrices", "sumOfPrices\sumOfPrices.vcxproj", "{DDF3FA23-115C-40E7-9AC4-56A60A4B8EDA}"
EndProject
Global
	GlobalSection(SolutionConfigurationPlatforms) = preSolution
		Debug|x64 = Debug|x64
		Debug|x86 = Debug|x86
		Release|x64 = Release|x64
		Release|x86 = Release|x86
	EndGlobalSection
	GlobalSection(ProjectConfigurationPlatforms) = postSolution
		{DDF3FA23-115C-40E7-9AC4-56A60A4B8EDA}.Debug|x64.ActiveCfg = Debug|x64
		{DDF3FA23-115C-40E7-9AC4-56A60A4B8EDA}.Debug|x64.Build.0 = Debug|x64
		{DDF3FA23-115C-40E7-9AC4-56A60A4B8EDA}.Debug|x86.ActiveCfg = Debug|Win32
		{DDF3FA23-115C-40E7-9AC4-56A60A4B8EDA}.Debug|x86.Build.0 = Debug|Win32
		{DDF3FA23-115C-40E7-9AC4-56A60A4B8EDA}.Release|x64.ActiveCfg = Release|x64
		{DDF3FA23-115C-40E7-9AC4-56A60A4B8EDA}.Release|x64.Build.0 = Release|x64
		{DDF3FA23-115C-40E7-9AC4-56A60A4B8EDA}.Release|x86.ActiveCfg = Release|Win32
		{DDF3FA23-115C-40E7-9AC4-56A60A4B8EDA}.Release|x86.Build.0 = Release|Win32
	EndGlobalSection
	GlobalSection(SolutionProperties) = preSolution
		HideSolutionNode = FALSE
	EndGlobalSection
	GlobalSection(ExtensibilityGlobals) = postSolution
		SolutionGuid = {C8134037-39A3-4364-AC41-19FA8424CDA8}
	EndGlobalSection
EndGlobal
