
Microsoft Visual Studio Solution File, Format Version 12.00
# Visual Studio 15
VisualStudioVersion = 15.0.28010.2041
MinimumVisualStudioVersion = 10.0.40219.1
Project("{8BC9CEB8-8B4A-11D0-8D11-00A0C91BC942}") = "check work", "check work\check work.vcxproj", "{7D2E343F-1564-4E21-9C5F-DABBD3D5CC01}"
EndProject
Global
	GlobalSection(SolutionConfigurationPlatforms) = preSolution
		Debug|x64 = Debug|x64
		Debug|x86 = Debug|x86
		Release|x64 = Release|x64
		Release|x86 = Release|x86
	EndGlobalSection
	GlobalSection(ProjectConfigurationPlatforms) = postSolution
		{7D2E343F-1564-4E21-9C5F-DABBD3D5CC01}.Debug|x64.ActiveCfg = Debug|x64
		{7D2E343F-1564-4E21-9C5F-DABBD3D5CC01}.Debug|x64.Build.0 = Debug|x64
		{7D2E343F-1564-4E21-9C5F-DABBD3D5CC01}.Debug|x86.ActiveCfg = Debug|Win32
		{7D2E343F-1564-4E21-9C5F-DABBD3D5CC01}.Debug|x86.Build.0 = Debug|Win32
		{7D2E343F-1564-4E21-9C5F-DABBD3D5CC01}.Release|x64.ActiveCfg = Release|x64
		{7D2E343F-1564-4E21-9C5F-DABBD3D5CC01}.Release|x64.Build.0 = Release|x64
		{7D2E343F-1564-4E21-9C5F-DABBD3D5CC01}.Release|x86.ActiveCfg = Release|Win32
		{7D2E343F-1564-4E21-9C5F-DABBD3D5CC01}.Release|x86.Build.0 = Release|Win32
	EndGlobalSection
	GlobalSection(SolutionProperties) = preSolution
		HideSolutionNode = FALSE
	EndGlobalSection
	GlobalSection(ExtensibilityGlobals) = postSolution
		SolutionGuid = {024D134B-B156-4853-9687-9EC54D22A75D}
	EndGlobalSection
EndGlobal
