
Microsoft Visual Studio Solution File, Format Version 12.00
# Visual Studio 15
VisualStudioVersion = 15.0.28010.2041
MinimumVisualStudioVersion = 10.0.40219.1
Project("{8BC9CEB8-8B4A-11D0-8D11-00A0C91BC942}") = "string_iter", "string_iter\string_iter.vcxproj", "{1B99BC40-0DDD-48EB-A669-5CF6F6939444}"
EndProject
Global
	GlobalSection(SolutionConfigurationPlatforms) = preSolution
		Debug|x64 = Debug|x64
		Debug|x86 = Debug|x86
		Release|x64 = Release|x64
		Release|x86 = Release|x86
	EndGlobalSection
	GlobalSection(ProjectConfigurationPlatforms) = postSolution
		{1B99BC40-0DDD-48EB-A669-5CF6F6939444}.Debug|x64.ActiveCfg = Debug|x64
		{1B99BC40-0DDD-48EB-A669-5CF6F6939444}.Debug|x64.Build.0 = Debug|x64
		{1B99BC40-0DDD-48EB-A669-5CF6F6939444}.Debug|x86.ActiveCfg = Debug|Win32
		{1B99BC40-0DDD-48EB-A669-5CF6F6939444}.Debug|x86.Build.0 = Debug|Win32
		{1B99BC40-0DDD-48EB-A669-5CF6F6939444}.Release|x64.ActiveCfg = Release|x64
		{1B99BC40-0DDD-48EB-A669-5CF6F6939444}.Release|x64.Build.0 = Release|x64
		{1B99BC40-0DDD-48EB-A669-5CF6F6939444}.Release|x86.ActiveCfg = Release|Win32
		{1B99BC40-0DDD-48EB-A669-5CF6F6939444}.Release|x86.Build.0 = Release|Win32
	EndGlobalSection
	GlobalSection(SolutionProperties) = preSolution
		HideSolutionNode = FALSE
	EndGlobalSection
	GlobalSection(ExtensibilityGlobals) = postSolution
		SolutionGuid = {6AE241B6-D912-49BE-9189-07F8C4A6ACD7}
	EndGlobalSection
EndGlobal
